// !$*UTF8*$!
{
	archiveVersion = 1;
	classes = {
	};
	objectVersion = 50;
	objects = {

/* Begin PBXBuildFile section */
		4C7E37442457509400DFFEBE /* flightFinder.c in Sources */ = {isa = PBXBuildFile; fileRef = 4C7E37432457509400DFFEBE /* flightFinder.c */; };
		4CAF7F8A2456DE1F00F8217A /* main.c in Sources */ = {isa = PBXBuildFile; fileRef = 4CAF7F892456DE1F00F8217A /* main.c */; };
		4CAF7F922456DE9000F8217A /* flightNetwork.c in Sources */ = {isa = PBXBuildFile; fileRef = 4CAF7F902456DE9000F8217A /* flightNetwork.c */; };
		4CAF7F952456DE9F00F8217A /* networkBuilder.c in Sources */ = {isa = PBXBuildFile; fileRef = 4CAF7F932456DE9E00F8217A /* networkBuilder.c */; };
/* End PBXBuildFile section */

/* Begin PBXCopyFilesBuildPhase section */
		4CAF7F842456DE1F00F8217A /* CopyFiles */ = {
			isa = PBXCopyFilesBuildPhase;
			buildActionMask = 2147483647;
			dstPath = /usr/share/man/man1/;
			dstSubfolderSpec = 0;
			files = (
			);
			runOnlyForDeploymentPostprocessing = 1;
		};
/* End PBXCopyFilesBuildPhase section */

/* Begin PBXFileReference section */
		4C7E37422457509400DFFEBE /* flightFinder.h */ = {isa = PBXFileReference; lastKnownFileType = sourcecode.c.h; path = flightFinder.h; sourceTree = "<group>"; };
		4C7E37432457509400DFFEBE /* flightFinder.c */ = {isa = PBXFileReference; lastKnownFileType = sourcecode.c.c; path = flightFinder.c; sourceTree = "<group>"; };
		4CAF7F862456DE1F00F8217A /* FinalProject2 */ = {isa = PBXFileReference; explicitFileType = "compiled.mach-o.executable"; includeInIndex = 0; path = FinalProject2; sourceTree = BUILT_PRODUCTS_DIR; };
		4CAF7F892456DE1F00F8217A /* main.c */ = {isa = PBXFileReference; lastKnownFileType = sourcecode.c.c; path = main.c; sourceTree = "<group>"; };
		4CAF7F902456DE9000F8217A /* flightNetwork.c */ = {isa = PBXFileReference; fileEncoding = 4; lastKnownFileType = sourcecode.c.c; path = flightNetwork.c; sourceTree = "<group>"; };
		4CAF7F912456DE9000F8217A /* flightNetwork.h */ = {isa = PBXFileReference; fileEncoding = 4; lastKnownFileType = sourcecode.c.h; path = flightNetwork.h; sourceTree = "<group>"; };
		4CAF7F932456DE9E00F8217A /* networkBuilder.c */ = {isa = PBXFileReference; fileEncoding = 4; lastKnownFileType = sourcecode.c.c; path = networkBuilder.c; sourceTree = "<group>"; };
		4CAF7F942456DE9E00F8217A /* networkBuilder.h */ = {isa = PBXFileReference; fileEncoding = 4; lastKnownFileType = sourcecode.c.h; path = networkBuilder.h; sourceTree = "<group>"; };
		4CAF7F962456DEB200F8217A /* abstractNetwork.h */ = {isa = PBXFileReference; lastKnownFileType = sourcecode.c.h; path = abstractNetwork.h; sourceTree = "<group>"; };
		4CAF7F972456DEB200F8217A /* abstractQueue.h */ = {isa = PBXFileReference; lastKnownFileType = sourcecode.c.h; path = abstractQueue.h; sourceTree = "<group>"; };
/* End PBXFileReference section */

/* Begin PBXFrameworksBuildPhase section */
		4CAF7F832456DE1F00F8217A /* Frameworks */ = {
			isa = PBXFrameworksBuildPhase;
			buildActionMask = 2147483647;
			files = (
			);
			runOnlyForDeploymentPostprocessing = 0;
		};
/* End PBXFrameworksBuildPhase section */

/* Begin PBXGroup section */
		4CAF7F7D2456DE1F00F8217A = {
			isa = PBXGroup;
			children = (
				4CAF7F882456DE1F00F8217A /* FinalProject2 */,
				4CAF7F872456DE1F00F8217A /* Products */,
			);
			sourceTree = "<group>";
		};
		4CAF7F872456DE1F00F8217A /* Products */ = {
			isa = PBXGroup;
			children = (
				4CAF7F862456DE1F00F8217A /* FinalProject2 */,
			);
			name = Products;
			sourceTree = "<group>";
		};
		4CAF7F882456DE1F00F8217A /* FinalProject2 */ = {
			isa = PBXGroup;
			children = (
				4CAF7F892456DE1F00F8217A /* main.c */,
				4CAF7F912456DE9000F8217A /* flightNetwork.h */,
				4CAF7F902456DE9000F8217A /* flightNetwork.c */,
				4C7E37422457509400DFFEBE /* flightFinder.h */,
				4C7E37432457509400DFFEBE /* flightFinder.c */,
				4CAF7F932456DE9E00F8217A /* networkBuilder.c */,
				4CAF7F942456DE9E00F8217A /* networkBuilder.h */,
				4CAF7F962456DEB200F8217A /* abstractNetwork.h */,
				4CAF7F972456DEB200F8217A /* abstractQueue.h */,
			);
			path = FinalProject2;
			sourceTree = "<group>";
		};
/* End PBXGroup section */

/* Begin PBXNativeTarget section */
		4CAF7F852456DE1F00F8217A /* FinalProject2 */ = {
			isa = PBXNativeTarget;
			buildConfigurationList = 4CAF7F8D2456DE1F00F8217A /* Build configuration list for PBXNativeTarget "FinalProject2" */;
			buildPhases = (
				4CAF7F822456DE1F00F8217A /* Sources */,
				4CAF7F832456DE1F00F8217A /* Frameworks */,
				4CAF7F842456DE1F00F8217A /* CopyFiles */,
			);
			buildRules = (
			);
			dependencies = (
			);
			name = FinalProject2;
			productName = FinalProject2;
			productReference = 4CAF7F862456DE1F00F8217A /* FinalProject2 */;
			productType = "com.apple.product-type.tool";
		};
/* End PBXNativeTarget section */

/* Begin PBXProject section */
		4CAF7F7E2456DE1F00F8217A /* Project object */ = {
			isa = PBXProject;
			attributes = {
				LastUpgradeCheck = 1130;
				ORGANIZATIONNAME = "chayaphon bunyakan";
				TargetAttributes = {
					4CAF7F852456DE1F00F8217A = {
						CreatedOnToolsVersion = 11.3.1;
					};
				};
			};
			buildConfigurationList = 4CAF7F812456DE1F00F8217A /* Build configuration list for PBXProject "FinalProject2" */;
			compatibilityVersion = "Xcode 9.3";
			developmentRegion = en;
			hasScannedForEncodings = 0;
			knownRegions = (
				en,
				Base,
			);
			mainGroup = 4CAF7F7D2456DE1F00F8217A;
			productRefGroup = 4CAF7F872456DE1F00F8217A /* Products */;
			projectDirPath = "";
			projectRoot = "";
			targets = (
				4CAF7F852456DE1F00F8217A /* FinalProject2 */,
			);
		};
/* End PBXProject section */

/* Begin PBXSourcesBuildPhase section */
		4CAF7F822456DE1F00F8217A /* Sources */ = {
			isa = PBXSourcesBuildPhase;
			buildActionMask = 2147483647;
			files = (
				4CAF7F922456DE9000F8217A /* flightNetwork.c in Sources */,
				4C7E37442457509400DFFEBE /* flightFinder.c in Sources */,
				4CAF7F952456DE9F00F8217A /* networkBuilder.c in Sources */,
				4CAF7F8A2456DE1F00F8217A /* main.c in Sources */,
			);
			runOnlyForDeploymentPostprocessing = 0;
		};
/* End PBXSourcesBuildPhase section */

/* Begin XCBuildConfiguration section */
		4CAF7F8B2456DE1F00F8217A /* Debug */ = {
			isa = XCBuildConfiguration;
			buildSettings = {
				ALWAYS_SEARCH_USER_PATHS = NO;
				CLANG_ANALYZER_NONNULL = YES;
				CLANG_ANALYZER_NUMBER_OBJECT_CONVERSION = YES_AGGRESSIVE;
				CLANG_CXX_LANGUAGE_STANDARD = "gnu++14";
				CLANG_CXX_LIBRARY = "libc++";
				CLANG_ENABLE_MODULES = YES;
				CLANG_ENABLE_OBJC_ARC = YES;
				CLANG_ENABLE_OBJC_WEAK = YES;
				CLANG_WARN_BLOCK_CAPTURE_AUTORELEASING = YES;
				CLANG_WARN_BOOL_CONVERSION = YES;
				CLANG_WARN_COMMA = YES;
				CLANG_WARN_CONSTANT_CONVERSION = YES;
				CLANG_WARN_DEPRECATED_OBJC_IMPLEMENTATIONS = YES;
				CLANG_WARN_DIRECT_OBJC_ISA_USAGE = YES_ERROR;
				CLANG_WARN_DOCUMENTATION_COMMENTS = YES;
				CLANG_WARN_EMPTY_BODY = YES;
				CLANG_WARN_ENUM_CONVERSION = YES;
				CLANG_WARN_INFINITE_RECURSION = YES;
				CLANG_WARN_INT_CONVERSION = YES;
				CLANG_WARN_NON_LITERAL_NULL_CONVERSION = YES;
				CLANG_WARN_OBJC_IMPLICIT_RETAIN_SELF = YES;
				CLANG_WARN_OBJC_LITERAL_CONVERSION = YES;
				CLANG_WARN_OBJC_ROOT_CLASS = YES_ERROR;
				CLANG_WARN_RANGE_LOOP_ANALYSIS = YES;
				CLANG_WARN_STRICT_PROTOTYPES = YES;
				CLANG_WARN_SUSPICIOUS_MOVE = YES;
				CLANG_WARN_UNGUARDED_AVAILABILITY = YES_AGGRESSIVE;
				CLANG_WARN_UNREACHABLE_CODE = YES;
				CLANG_WARN__DUPLICATE_METHOD_MATCH = YES;
				COPY_PHASE_STRIP = NO;
				DEBUG_INFORMATION_FORMAT = dwarf;
				ENABLE_STRICT_OBJC_MSGSEND = YES;
				ENABLE_TESTABILITY = YES;
				GCC_C_LANGUAGE_STANDARD = gnu11;
				GCC_DYNAMIC_NO_PIC = NO;
				GCC_NO_COMMON_BLOCKS = YES;
				GCC_OPTIMIZATION_LEVEL = 0;
				GCC_PREPROCESSOR_DEFINITIONS = (
					"DEBUG=1",
					"$(inherited)",
				);
				GCC_WARN_64_TO_32_BIT_CONVERSION = YES;
				GCC_WARN_ABOUT_RETURN_TYPE = YES_ERROR;
				GCC_WARN_UNDECLARED_SELECTOR = YES;
				GCC_WARN_UNINITIALIZED_AUTOS = YES_AGGRESSIVE;
				GCC_WARN_UNUSED_FUNCTION = YES;
				GCC_WARN_UNUSED_VARIABLE = YES;
				MACOSX_DEPLOYMENT_TARGET = 10.15;
				MTL_ENABLE_DEBUG_INFO = INCLUDE_SOURCE;
				MTL_FAST_MATH = YES;
				ONLY_ACTIVE_ARCH = YES;
				SDKROOT = macosx;
			};
			name = Debug;
		};
		4CAF7F8C2456DE1F00F8217A /* Release */ = {
			isa = XCBuildConfiguration;
			buildSettings = {
				ALWAYS_SEARCH_USER_PATHS = NO;
				CLANG_ANALYZER_NONNULL = YES;
				CLANG_ANALYZER_NUMBER_OBJECT_CONVERSION = YES_AGGRESSIVE;
				CLANG_CXX_LANGUAGE_STANDARD = "gnu++14";
				CLANG_CXX_LIBRARY = "libc++";
				CLANG_ENABLE_MODULES = YES;
				CLANG_ENABLE_OBJC_ARC = YES;
				CLANG_ENABLE_OBJC_WEAK = YES;
				CLANG_WARN_BLOCK_CAPTURE_AUTORELEASING = YES;
				CLANG_WARN_BOOL_CONVERSION = YES;
				CLANG_WARN_COMMA = YES;
				CLANG_WARN_CONSTANT_CONVERSION = YES;
				CLANG_WARN_DEPRECATED_OBJC_IMPLEMENTATIONS = YES;
				CLANG_WARN_DIRECT_OBJC_ISA_USAGE = YES_ERROR;
				CLANG_WARN_DOCUMENTATION_COMMENTS = YES;
				CLANG_WARN_EMPTY_BODY = YES;
				CLANG_WARN_ENUM_CONVERSION = YES;
				CLANG_WARN_INFINITE_RECURSION = YES;
				CLANG_WARN_INT_CONVERSION = YES;
				CLANG_WARN_NON_LITERAL_NULL_CONVERSION = YES;
				CLANG_WARN_OBJC_IMPLICIT_RETAIN_SELF = YES;
				CLANG_WARN_OBJC_LITERAL_CONVERSION = YES;
				CLANG_WARN_OBJC_ROOT_CLASS = YES_ERROR;
				CLANG_WARN_RANGE_LOOP_ANALYSIS = YES;
				CLANG_WARN_STRICT_PROTOTYPES = YES;
				CLANG_WARN_SUSPICIOUS_MOVE = YES;
				CLANG_WARN_UNGUARDED_AVAILABILITY = YES_AGGRESSIVE;
				CLANG_WARN_UNREACHABLE_CODE = YES;
				CLANG_WARN__DUPLICATE_METHOD_MATCH = YES;
				COPY_PHASE_STRIP = NO;
				DEBUG_INFORMATION_FORMAT = "dwarf-with-dsym";
				ENABLE_NS_ASSERTIONS = NO;
				ENABLE_STRICT_OBJC_MSGSEND = YES;
				GCC_C_LANGUAGE_STANDARD = gnu11;
				GCC_NO_COMMON_BLOCKS = YES;
				GCC_WARN_64_TO_32_BIT_CONVERSION = YES;
				GCC_WARN_ABOUT_RETURN_TYPE = YES_ERROR;
				GCC_WARN_UNDECLARED_SELECTOR = YES;
				GCC_WARN_UNINITIALIZED_AUTOS = YES_AGGRESSIVE;
				GCC_WARN_UNUSED_FUNCTION = YES;
				GCC_WARN_UNUSED_VARIABLE = YES;
				MACOSX_DEPLOYMENT_TARGET = 10.15;
				MTL_ENABLE_DEBUG_INFO = NO;
				MTL_FAST_MATH = YES;
				SDKROOT = macosx;
			};
			name = Release;
		};
		4CAF7F8E2456DE1F00F8217A /* Debug */ = {
			isa = XCBuildConfiguration;
			buildSettings = {
				CODE_SIGN_STYLE = Automatic;
				PRODUCT_NAME = "$(TARGET_NAME)";
			};
			name = Debug;
		};
		4CAF7F8F2456DE1F00F8217A /* Release */ = {
			isa = XCBuildConfiguration;
			buildSettings = {
				CODE_SIGN_STYLE = Automatic;
				PRODUCT_NAME = "$(TARGET_NAME)";
			};
			name = Release;
		};
/* End XCBuildConfiguration section */

/* Begin XCConfigurationList section */
		4CAF7F812456DE1F00F8217A /* Build configuration list for PBXProject "FinalProject2" */ = {
			isa = XCConfigurationList;
			buildConfigurations = (
				4CAF7F8B2456DE1F00F8217A /* Debug */,
				4CAF7F8C2456DE1F00F8217A /* Release */,
			);
			defaultConfigurationIsVisible = 0;
			defaultConfigurationName = Release;
		};
		4CAF7F8D2456DE1F00F8217A /* Build configuration list for PBXNativeTarget "FinalProject2" */ = {
			isa = XCConfigurationList;
			buildConfigurations = (
				4CAF7F8E2456DE1F00F8217A /* Debug */,
				4CAF7F8F2456DE1F00F8217A /* Release */,
			);
			defaultConfigurationIsVisible = 0;
			defaultConfigurationName = Release;
		};
/* End XCConfigurationList section */
	};
	rootObject = 4CAF7F7E2456DE1F00F8217A /* Project object */;
}
