// !$*UTF8*$!
{
	archiveVersion = 1;
	classes = {
	};
	objectVersion = 50;
	objects = {

/* Begin PBXBuildFile section */
		4C51ACA1243E1609003604BC /* networkBuilder.c in Sources */ = {isa = PBXBuildFile; fileRef = 4C51ACA0243E1609003604BC /* networkBuilder.c */; };
		4C51ACA4243E2842003604BC /* minPriorityQueue.c in Sources */ = {isa = PBXBuildFile; fileRef = 4C51ACA2243E2842003604BC /* minPriorityQueue.c */; };
		4C51ACA6243E2848003604BC /* linkedListQueue.c in Sources */ = {isa = PBXBuildFile; fileRef = 4C51ACA5243E2848003604BC /* linkedListQueue.c */; };
		4CFBE7C52438C9E60033BE99 /* main.c in Sources */ = {isa = PBXBuildFile; fileRef = 4CFBE7C42438C9E60033BE99 /* main.c */; };
		4CFBE7CD2438CA470033BE99 /* flightNetwork.c in Sources */ = {isa = PBXBuildFile; fileRef = 4CFBE7CC2438CA470033BE99 /* flightNetwork.c */; };
/* End PBXBuildFile section */

/* Begin PBXCopyFilesBuildPhase section */
		4CFBE7BF2438C9E60033BE99 /* CopyFiles */ = {
			isa = PBXCopyFilesBuildPhase;
			buildActionMask = 2147483647;
			dstPath = /usr/share/man/man1/;
			dstSubfolderSpec = 0;
			files = (
			);
			runOnlyForDeploymentPostprocessing = 1;
		};
/* End PBXCopyFilesBuildPhase section */

/* Begin PBXFileReference section */
		4C4B090B243C245E007BC2B4 /* abstractNetwork.h */ = {isa = PBXFileReference; lastKnownFileType = sourcecode.c.h; path = abstractNetwork.h; sourceTree = "<group>"; };
		4C4B090C243C245E007BC2B4 /* abstractQueue.h */ = {isa = PBXFileReference; lastKnownFileType = sourcecode.c.h; path = abstractQueue.h; sourceTree = "<group>"; };
		4C51AC9F243E1609003604BC /* networkBuilder.h */ = {isa = PBXFileReference; fileEncoding = 4; lastKnownFileType = sourcecode.c.h; path = networkBuilder.h; sourceTree = "<group>"; };
		4C51ACA0243E1609003604BC /* networkBuilder.c */ = {isa = PBXFileReference; fileEncoding = 4; lastKnownFileType = sourcecode.c.c; path = networkBuilder.c; sourceTree = "<group>"; };
		4C51ACA2243E2842003604BC /* minPriorityQueue.c */ = {isa = PBXFileReference; fileEncoding = 4; lastKnownFileType = sourcecode.c.c; path = minPriorityQueue.c; sourceTree = "<group>"; };
		4C51ACA3243E2842003604BC /* minPriorityQueue.h */ = {isa = PBXFileReference; fileEncoding = 4; lastKnownFileType = sourcecode.c.h; path = minPriorityQueue.h; sourceTree = "<group>"; };
		4C51ACA5243E2848003604BC /* linkedListQueue.c */ = {isa = PBXFileReference; fileEncoding = 4; lastKnownFileType = sourcecode.c.c; path = linkedListQueue.c; sourceTree = "<group>"; };
		4CE1FF69243B335A00220BF2 /* Makefile.txt */ = {isa = PBXFileReference; lastKnownFileType = text; path = Makefile.txt; sourceTree = "<group>"; };
		4CFBE7C12438C9E60033BE99 /* AirlineReservationSystem */ = {isa = PBXFileReference; explicitFileType = "compiled.mach-o.executable"; includeInIndex = 0; path = AirlineReservationSystem; sourceTree = BUILT_PRODUCTS_DIR; };
		4CFBE7C42438C9E60033BE99 /* main.c */ = {isa = PBXFileReference; lastKnownFileType = sourcecode.c.c; path = main.c; sourceTree = "<group>"; };
		4CFBE7CB2438CA470033BE99 /* flightNetwork.h */ = {isa = PBXFileReference; lastKnownFileType = sourcecode.c.h; path = flightNetwork.h; sourceTree = "<group>"; };
		4CFBE7CC2438CA470033BE99 /* flightNetwork.c */ = {isa = PBXFileReference; lastKnownFileType = sourcecode.c.c; path = flightNetwork.c; sourceTree = "<group>"; };
/* End PBXFileReference section */

/* Begin PBXFrameworksBuildPhase section */
		4CFBE7BE2438C9E60033BE99 /* Frameworks */ = {
			isa = PBXFrameworksBuildPhase;
			buildActionMask = 2147483647;
			files = (
			);
			runOnlyForDeploymentPostprocessing = 0;
		};
/* End PBXFrameworksBuildPhase section */

/* Begin PBXGroup section */
		4CFBE7B82438C9E60033BE99 = {
			isa = PBXGroup;
			children = (
				4CFBE7C32438C9E60033BE99 /* AirlineReservationSystem */,
				4CFBE7C22438C9E60033BE99 /* Products */,
			);
			sourceTree = "<group>";
		};
		4CFBE7C22438C9E60033BE99 /* Products */ = {
			isa = PBXGroup;
			children = (
				4CFBE7C12438C9E60033BE99 /* AirlineReservationSystem */,
			);
			name = Products;
			sourceTree = "<group>";
		};
		4CFBE7C32438C9E60033BE99 /* AirlineReservationSystem */ = {
			isa = PBXGroup;
			children = (
				4CFBE7C42438C9E60033BE99 /* main.c */,
				4CFBE7CB2438CA470033BE99 /* flightNetwork.h */,
				4CFBE7CC2438CA470033BE99 /* flightNetwork.c */,
				4C51AC9F243E1609003604BC /* networkBuilder.h */,
				4C51ACA0243E1609003604BC /* networkBuilder.c */,
				4C4B090B243C245E007BC2B4 /* abstractNetwork.h */,
				4C4B090C243C245E007BC2B4 /* abstractQueue.h */,
				4C51ACA2243E2842003604BC /* minPriorityQueue.c */,
				4C51ACA3243E2842003604BC /* minPriorityQueue.h */,
				4C51ACA5243E2848003604BC /* linkedListQueue.c */,
				4CE1FF69243B335A00220BF2 /* Makefile.txt */,
			);
			path = AirlineReservationSystem;
			sourceTree = "<group>";
		};
/* End PBXGroup section */

/* Begin PBXNativeTarget section */
		4CFBE7C02438C9E60033BE99 /* AirlineReservationSystem */ = {
			isa = PBXNativeTarget;
			buildConfigurationList = 4CFBE7C82438C9E60033BE99 /* Build configuration list for PBXNativeTarget "AirlineReservationSystem" */;
			buildPhases = (
				4CFBE7BD2438C9E60033BE99 /* Sources */,
				4CFBE7BE2438C9E60033BE99 /* Frameworks */,
				4CFBE7BF2438C9E60033BE99 /* CopyFiles */,
			);
			buildRules = (
			);
			dependencies = (
			);
			name = AirlineReservationSystem;
			productName = AirlineReservationSystem;
			productReference = 4CFBE7C12438C9E60033BE99 /* AirlineReservationSystem */;
			productType = "com.apple.product-type.tool";
		};
/* End PBXNativeTarget section */

/* Begin PBXProject section */
		4CFBE7B92438C9E60033BE99 /* Project object */ = {
			isa = PBXProject;
			attributes = {
				LastUpgradeCheck = 1130;
				ORGANIZATIONNAME = "chayaphon bunyakan";
				TargetAttributes = {
					4CFBE7C02438C9E60033BE99 = {
						CreatedOnToolsVersion = 11.3.1;
					};
				};
			};
			buildConfigurationList = 4CFBE7BC2438C9E60033BE99 /* Build configuration list for PBXProject "AirlineReservationSystem" */;
			compatibilityVersion = "Xcode 9.3";
			developmentRegion = en;
			hasScannedForEncodings = 0;
			knownRegions = (
				en,
				Base,
			);
			mainGroup = 4CFBE7B82438C9E60033BE99;
			productRefGroup = 4CFBE7C22438C9E60033BE99 /* Products */;
			projectDirPath = "";
			projectRoot = "";
			targets = (
				4CFBE7C02438C9E60033BE99 /* AirlineReservationSystem */,
			);
		};
/* End PBXProject section */

/* Begin PBXSourcesBuildPhase section */
		4CFBE7BD2438C9E60033BE99 /* Sources */ = {
			isa = PBXSourcesBuildPhase;
			buildActionMask = 2147483647;
			files = (
				4CFBE7CD2438CA470033BE99 /* flightNetwork.c in Sources */,
				4C51ACA1243E1609003604BC /* networkBuilder.c in Sources */,
				4C51ACA4243E2842003604BC /* minPriorityQueue.c in Sources */,
				4CFBE7C52438C9E60033BE99 /* main.c in Sources */,
				4C51ACA6243E2848003604BC /* linkedListQueue.c in Sources */,
			);
			runOnlyForDeploymentPostprocessing = 0;
		};
/* End PBXSourcesBuildPhase section */

/* Begin XCBuildConfiguration section */
		4CFBE7C62438C9E60033BE99 /* Debug */ = {
			isa = XCBuildConfiguration;
			buildSettings = {
				ALWAYS_SEARCH_USER_PATHS = NO;
				CLANG_ANALYZER_NONNULL = YES;
				CLANG_ANALYZER_NUMBER_OBJECT_CONVERSION = YES_AGGRESSIVE;
				CLANG_CXX_LANGUAGE_STANDARD = "gnu++14";
				CLANG_CXX_LIBRARY = "libc++";
				CLANG_ENABLE_MODULES = YES;
				CLANG_ENABLE_OBJC_ARC = YES;
				CLANG_ENABLE_OBJC_WEAK = YES;
				CLANG_WARN_BLOCK_CAPTURE_AUTORELEASING = YES;
				CLANG_WARN_BOOL_CONVERSION = YES;
				CLANG_WARN_COMMA = YES;
				CLANG_WARN_CONSTANT_CONVERSION = YES;
				CLANG_WARN_DEPRECATED_OBJC_IMPLEMENTATIONS = YES;
				CLANG_WARN_DIRECT_OBJC_ISA_USAGE = YES_ERROR;
				CLANG_WARN_DOCUMENTATION_COMMENTS = YES;
				CLANG_WARN_EMPTY_BODY = YES;
				CLANG_WARN_ENUM_CONVERSION = YES;
				CLANG_WARN_INFINITE_RECURSION = YES;
				CLANG_WARN_INT_CONVERSION = YES;
				CLANG_WARN_NON_LITERAL_NULL_CONVERSION = YES;
				CLANG_WARN_OBJC_IMPLICIT_RETAIN_SELF = YES;
				CLANG_WARN_OBJC_LITERAL_CONVERSION = YES;
				CLANG_WARN_OBJC_ROOT_CLASS = YES_ERROR;
				CLANG_WARN_RANGE_LOOP_ANALYSIS = YES;
				CLANG_WARN_STRICT_PROTOTYPES = YES;
				CLANG_WARN_SUSPICIOUS_MOVE = YES;
				CLANG_WARN_UNGUARDED_AVAILABILITY = YES_AGGRESSIVE;
				CLANG_WARN_UNREACHABLE_CODE = YES;
				CLANG_WARN__DUPLICATE_METHOD_MATCH = YES;
				COPY_PHASE_STRIP = NO;
				DEBUG_INFORMATION_FORMAT = dwarf;
				ENABLE_STRICT_OBJC_MSGSEND = YES;
				ENABLE_TESTABILITY = YES;
				GCC_C_LANGUAGE_STANDARD = gnu11;
				GCC_DYNAMIC_NO_PIC = NO;
				GCC_NO_COMMON_BLOCKS = YES;
				GCC_OPTIMIZATION_LEVEL = 0;
				GCC_PREPROCESSOR_DEFINITIONS = (
					"DEBUG=1",
					"$(inherited)",
				);
				GCC_WARN_64_TO_32_BIT_CONVERSION = YES;
				GCC_WARN_ABOUT_RETURN_TYPE = YES_ERROR;
				GCC_WARN_UNDECLARED_SELECTOR = YES;
				GCC_WARN_UNINITIALIZED_AUTOS = YES_AGGRESSIVE;
				GCC_WARN_UNUSED_FUNCTION = YES;
				GCC_WARN_UNUSED_VARIABLE = YES;
				MACOSX_DEPLOYMENT_TARGET = 10.15;
				MTL_ENABLE_DEBUG_INFO = INCLUDE_SOURCE;
				MTL_FAST_MATH = YES;
				ONLY_ACTIVE_ARCH = YES;
				SDKROOT = macosx;
			};
			name = Debug;
		};
		4CFBE7C72438C9E60033BE99 /* Release */ = {
			isa = XCBuildConfiguration;
			buildSettings = {
				ALWAYS_SEARCH_USER_PATHS = NO;
				CLANG_ANALYZER_NONNULL = YES;
				CLANG_ANALYZER_NUMBER_OBJECT_CONVERSION = YES_AGGRESSIVE;
				CLANG_CXX_LANGUAGE_STANDARD = "gnu++14";
				CLANG_CXX_LIBRARY = "libc++";
				CLANG_ENABLE_MODULES = YES;
				CLANG_ENABLE_OBJC_ARC = YES;
				CLANG_ENABLE_OBJC_WEAK = YES;
				CLANG_WARN_BLOCK_CAPTURE_AUTORELEASING = YES;
				CLANG_WARN_BOOL_CONVERSION = YES;
				CLANG_WARN_COMMA = YES;
				CLANG_WARN_CONSTANT_CONVERSION = YES;
				CLANG_WARN_DEPRECATED_OBJC_IMPLEMENTATIONS = YES;
				CLANG_WARN_DIRECT_OBJC_ISA_USAGE = YES_ERROR;
				CLANG_WARN_DOCUMENTATION_COMMENTS = YES;
				CLANG_WARN_EMPTY_BODY = YES;
				CLANG_WARN_ENUM_CONVERSION = YES;
				CLANG_WARN_INFINITE_RECURSION = YES;
				CLANG_WARN_INT_CONVERSION = YES;
				CLANG_WARN_NON_LITERAL_NULL_CONVERSION = YES;
				CLANG_WARN_OBJC_IMPLICIT_RETAIN_SELF = YES;
				CLANG_WARN_OBJC_LITERAL_CONVERSION = YES;
				CLANG_WARN_OBJC_ROOT_CLASS = YES_ERROR;
				CLANG_WARN_RANGE_LOOP_ANALYSIS = YES;
				CLANG_WARN_STRICT_PROTOTYPES = YES;
				CLANG_WARN_SUSPICIOUS_MOVE = YES;
				CLANG_WARN_UNGUARDED_AVAILABILITY = YES_AGGRESSIVE;
				CLANG_WARN_UNREACHABLE_CODE = YES;
				CLANG_WARN__DUPLICATE_METHOD_MATCH = YES;
				COPY_PHASE_STRIP = NO;
				DEBUG_INFORMATION_FORMAT = "dwarf-with-dsym";
				ENABLE_NS_ASSERTIONS = NO;
				ENABLE_STRICT_OBJC_MSGSEND = YES;
				GCC_C_LANGUAGE_STANDARD = gnu11;
				GCC_NO_COMMON_BLOCKS = YES;
				GCC_WARN_64_TO_32_BIT_CONVERSION = YES;
				GCC_WARN_ABOUT_RETURN_TYPE = YES_ERROR;
				GCC_WARN_UNDECLARED_SELECTOR = YES;
				GCC_WARN_UNINITIALIZED_AUTOS = YES_AGGRESSIVE;
				GCC_WARN_UNUSED_FUNCTION = YES;
				GCC_WARN_UNUSED_VARIABLE = YES;
				MACOSX_DEPLOYMENT_TARGET = 10.15;
				MTL_ENABLE_DEBUG_INFO = NO;
				MTL_FAST_MATH = YES;
				SDKROOT = macosx;
			};
			name = Release;
		};
		4CFBE7C92438C9E60033BE99 /* Debug */ = {
			isa = XCBuildConfiguration;
			buildSettings = {
				CODE_SIGN_STYLE = Automatic;
				PRODUCT_NAME = "$(TARGET_NAME)";
			};
			name = Debug;
		};
		4CFBE7CA2438C9E60033BE99 /* Release */ = {
			isa = XCBuildConfiguration;
			buildSettings = {
				CODE_SIGN_STYLE = Automatic;
				PRODUCT_NAME = "$(TARGET_NAME)";
			};
			name = Release;
		};
/* End XCBuildConfiguration section */

/* Begin XCConfigurationList section */
		4CFBE7BC2438C9E60033BE99 /* Build configuration list for PBXProject "AirlineReservationSystem" */ = {
			isa = XCConfigurationList;
			buildConfigurations = (
				4CFBE7C62438C9E60033BE99 /* Debug */,
				4CFBE7C72438C9E60033BE99 /* Release */,
			);
			defaultConfigurationIsVisible = 0;
			defaultConfigurationName = Release;
		};
		4CFBE7C82438C9E60033BE99 /* Build configuration list for PBXNativeTarget "AirlineReservationSystem" */ = {
			isa = XCConfigurationList;
			buildConfigurations = (
				4CFBE7C92438C9E60033BE99 /* Debug */,
				4CFBE7CA2438C9E60033BE99 /* Release */,
			);
			defaultConfigurationIsVisible = 0;
			defaultConfigurationName = Release;
		};
/* End XCConfigurationList section */
	};
	rootObject = 4CFBE7B92438C9E60033BE99 /* Project object */;
}
